// !$*UTF8*$!
{
	archiveVersion = 1;
	classes = {
	};
	objectVersion = 46;
	objects = {

/* Begin PBXBuildFile section */
		701EF4C91A9F61960088E43A /* main.m in Sources */ = {isa = PBXBuildFile; fileRef = 701EF4C81A9F61960088E43A /* main.m */; };
		701EF4CC1A9F61960088E43A /* AppDelegate.m in Sources */ = {isa = PBXBuildFile; fileRef = 701EF4CB1A9F61960088E43A /* AppDelegate.m */; };
		701EF4D21A9F61960088E43A /* Main.storyboard in Resources */ = {isa = PBXBuildFile; fileRef = 701EF4D01A9F61960088E43A /* Main.storyboard */; };
		701EF4D41A9F61960088E43A /* Images.xcassets in Resources */ = {isa = PBXBuildFile; fileRef = 701EF4D31A9F61960088E43A /* Images.xcassets */; };
		701EF4D71A9F61960088E43A /* LaunchScreen.xib in Resources */ = {isa = PBXBuildFile; fileRef = 701EF4D51A9F61960088E43A /* LaunchScreen.xib */; };
		701EF4E31A9F61960088E43A /* ProbaTests.m in Sources */ = {isa = PBXBuildFile; fileRef = 701EF4E21A9F61960088E43A /* ProbaTests.m */; };
		701EF4F11A9F61E20088E43A /* GKTableViewController.m in Sources */ = {isa = PBXBuildFile; fileRef = 701EF4F01A9F61E20088E43A /* GKTableViewController.m */; };
/* End PBXBuildFile section */

/* Begin PBXContainerItemProxy section */
		701EF4DD1A9F61960088E43A /* PBXContainerItemProxy */ = {
			isa = PBXContainerItemProxy;
			containerPortal = 701EF4BB1A9F61960088E43A /* Project object */;
			proxyType = 1;
			remoteGlobalIDString = 701EF4C21A9F61960088E43A;
			remoteInfo = Proba;
		};
/* End PBXContainerItemProxy section */

/* Begin PBXFileReference section */
		701EF4C31A9F61960088E43A /* Proba.app */ = {isa = PBXFileReference; explicitFileType = wrapper.application; includeInIndex = 0; path = Proba.app; sourceTree = BUILT_PRODUCTS_DIR; };
		701EF4C71A9F61960088E43A /* Info.plist */ = {isa = PBXFileReference; lastKnownFileType = text.plist.xml; path = Info.plist; sourceTree = "<group>"; };
		701EF4C81A9F61960088E43A /* main.m */ = {isa = PBXFileReference; lastKnownFileType = sourcecode.c.objc; path = main.m; sourceTree = "<group>"; };
		701EF4CA1A9F61960088E43A /* AppDelegate.h */ = {isa = PBXFileReference; lastKnownFileType = sourcecode.c.h; path = AppDelegate.h; sourceTree = "<group>"; };
		701EF4CB1A9F61960088E43A /* AppDelegate.m */ = {isa = PBXFileReference; lastKnownFileType = sourcecode.c.objc; path = AppDelegate.m; sourceTree = "<group>"; };
		701EF4D11A9F61960088E43A /* Base */ = {isa = PBXFileReference; lastKnownFileType = file.storyboard; name = Base; path = Base.lproj/Main.storyboard; sourceTree = "<group>"; };
		701EF4D31A9F61960088E43A /* Images.xcassets */ = {isa = PBXFileReference; lastKnownFileType = folder.assetcatalog; path = Images.xcassets; sourceTree = "<group>"; };
		701EF4D61A9F61960088E43A /* Base */ = {isa = PBXFileReference; lastKnownFileType = file.xib; name = Base; path = Base.lproj/LaunchScreen.xib; sourceTree = "<group>"; };
		701EF4DC1A9F61960088E43A /* ProbaTests.xctest */ = {isa = PBXFileReference; explicitFileType = wrapper.cfbundle; includeInIndex = 0; path = ProbaTests.xctest; sourceTree = BUILT_PRODUCTS_DIR; };
		701EF4E11A9F61960088E43A /* Info.plist */ = {isa = PBXFileReference; lastKnownFileType = text.plist.xml; path = Info.plist; sourceTree = "<group>"; };
		701EF4E21A9F61960088E43A /* ProbaTests.m */ = {isa = PBXFileReference; lastKnownFileType = sourcecode.c.objc; path = ProbaTests.m; sourceTree = "<group>"; };
		701EF4EF1A9F61E20088E43A /* GKTableViewController.h */ = {isa = PBXFileReference; fileEncoding = 4; lastKnownFileType = sourcecode.c.h; path = GKTableViewController.h; sourceTree = "<group>"; };
		701EF4F01A9F61E20088E43A /* GKTableViewController.m */ = {isa = PBXFileReference; fileEncoding = 4; lastKnownFileType = sourcecode.c.objc; path = GKTableViewController.m; sourceTree = "<group>"; };
/* End PBXFileReference section */

/* Begin PBXFrameworksBuildPhase section */
		701EF4C01A9F61960088E43A /* Frameworks */ = {
			isa = PBXFrameworksBuildPhase;
			buildActionMask = 2147483647;
			files = (
			);
			runOnlyForDeploymentPostprocessing = 0;
		};
		701EF4D91A9F61960088E43A /* Frameworks */ = {
			isa = PBXFrameworksBuildPhase;
			buildActionMask = 2147483647;
			files = (
			);
			runOnlyForDeploymentPostprocessing = 0;
		};
/* End PBXFrameworksBuildPhase section */

/* Begin PBXGroup section */
		701EF4BA1A9F61960088E43A = {
			isa = PBXGroup;
			children = (
				701EF4C51A9F61960088E43A /* Proba */,
				701EF4DF1A9F61960088E43A /* ProbaTests */,
				701EF4C41A9F61960088E43A /* Products */,
			);
			sourceTree = "<group>";
		};
		701EF4C41A9F61960088E43A /* Products */ = {
			isa = PBXGroup;
			children = (
				701EF4C31A9F61960088E43A /* Proba.app */,
				701EF4DC1A9F61960088E43A /* ProbaTests.xctest */,
			);
			name = Products;
			sourceTree = "<group>";
		};
		701EF4C51A9F61960088E43A /* Proba */ = {
			isa = PBXGroup;
			children = (
				701EF4CA1A9F61960088E43A /* AppDelegate.h */,
				701EF4CB1A9F61960088E43A /* AppDelegate.m */,
				701EF4D01A9F61960088E43A /* Main.storyboard */,
				701EF4D31A9F61960088E43A /* Images.xcassets */,
				701EF4D51A9F61960088E43A /* LaunchScreen.xib */,
				701EF4C61A9F61960088E43A /* Supporting Files */,
				701EF4EF1A9F61E20088E43A /* GKTableViewController.h */,
				701EF4F01A9F61E20088E43A /* GKTableViewController.m */,
			);
			path = Proba;
			sourceTree = "<group>";
		};
		701EF4C61A9F61960088E43A /* Supporting Files */ = {
			isa = PBXGroup;
			children = (
				701EF4C71A9F61960088E43A /* Info.plist */,
				701EF4C81A9F61960088E43A /* main.m */,
			);
			name = "Supporting Files";
			sourceTree = "<group>";
		};
		701EF4DF1A9F61960088E43A /* ProbaTests */ = {
			isa = PBXGroup;
			children = (
				701EF4E21A9F61960088E43A /* ProbaTests.m */,
				701EF4E01A9F61960088E43A /* Supporting Files */,
			);
			path = ProbaTests;
			sourceTree = "<group>";
		};
		701EF4E01A9F61960088E43A /* Supporting Files */ = {
			isa = PBXGroup;
			children = (
				701EF4E11A9F61960088E43A /* Info.plist */,
			);
			name = "Supporting Files";
			sourceTree = "<group>";
		};
/* End PBXGroup section */

/* Begin PBXNativeTarget section */
		701EF4C21A9F61960088E43A /* Proba */ = {
			isa = PBXNativeTarget;
			buildConfigurationList = 701EF4E61A9F61960088E43A /* Build configuration list for PBXNativeTarget "Proba" */;
			buildPhases = (
				701EF4BF1A9F61960088E43A /* Sources */,
				701EF4C01A9F61960088E43A /* Frameworks */,
				701EF4C11A9F61960088E43A /* Resources */,
			);
			buildRules = (
			);
			dependencies = (
			);
			name = Proba;
			productName = Proba;
			productReference = 701EF4C31A9F61960088E43A /* Proba.app */;
			productType = "com.apple.product-type.application";
		};
		701EF4DB1A9F61960088E43A /* ProbaTests */ = {
			isa = PBXNativeTarget;
			buildConfigurationList = 701EF4E91A9F61960088E43A /* Build configuration list for PBXNativeTarget "ProbaTests" */;
			buildPhases = (
				701EF4D81A9F61960088E43A /* Sources */,
				701EF4D91A9F61960088E43A /* Frameworks */,
				701EF4DA1A9F61960088E43A /* Resources */,
			);
			buildRules = (
			);
			dependencies = (
				701EF4DE1A9F61960088E43A /* PBXTargetDependency */,
			);
			name = ProbaTests;
			productName = ProbaTests;
			productReference = 701EF4DC1A9F61960088E43A /* ProbaTests.xctest */;
			productType = "com.apple.product-type.bundle.unit-test";
		};
/* End PBXNativeTarget section */

/* Begin PBXProject section */
		701EF4BB1A9F61960088E43A /* Project object */ = {
			isa = PBXProject;
			attributes = {
				LastUpgradeCheck = 0610;
				ORGANIZATIONNAME = dms;
				TargetAttributes = {
					701EF4C21A9F61960088E43A = {
						CreatedOnToolsVersion = 6.1.1;
					};
					701EF4DB1A9F61960088E43A = {
						CreatedOnToolsVersion = 6.1.1;
						TestTargetID = 701EF4C21A9F61960088E43A;
					};
				};
			};
			buildConfigurationList = 701EF4BE1A9F61960088E43A /* Build configuration list for PBXProject "Proba" */;
			compatibilityVersion = "Xcode 3.2";
			developmentRegion = English;
			hasScannedForEncodings = 0;
			knownRegions = (
				en,
				Base,
			);
			mainGroup = 701EF4BA1A9F61960088E43A;
			productRefGroup = 701EF4C41A9F61960088E43A /* Products */;
			projectDirPath = "";
			projectRoot = "";
			targets = (
				701EF4C21A9F61960088E43A /* Proba */,
				701EF4DB1A9F61960088E43A /* ProbaTests */,
			);
		};
/* End PBXProject section */

/* Begin PBXResourcesBuildPhase section */
		701EF4C11A9F61960088E43A /* Resources */ = {
			isa = PBXResourcesBuildPhase;
			buildActionMask = 2147483647;
			files = (
				701EF4D21A9F61960088E43A /* Main.storyboard in Resources */,
				701EF4D71A9F61960088E43A /* LaunchScreen.xib in Resources */,
				701EF4D41A9F61960088E43A /* Images.xcassets in Resources */,
			);
			runOnlyForDeploymentPostprocessing = 0;
		};
		701EF4DA1A9F61960088E43A /* Resources */ = {
			isa = PBXResourcesBuildPhase;
			buildActionMask = 2147483647;
			files = (
			);
			runOnlyForDeploymentPostprocessing = 0;
		};
/* End PBXResourcesBuildPhase section */

/* Begin PBXSourcesBuildPhase section */
		701EF4BF1A9F61960088E43A /* Sources */ = {
			isa = PBXSourcesBuildPhase;
			buildActionMask = 2147483647;
			files = (
				701EF4CC1A9F61960088E43A /* AppDelegate.m in Sources */,
				701EF4F11A9F61E20088E43A /* GKTableViewController.m in Sources */,
				701EF4C91A9F61960088E43A /* main.m in Sources */,
			);
			runOnlyForDeploymentPostprocessing = 0;
		};
		701EF4D81A9F61960088E43A /* Sources */ = {
			isa = PBXSourcesBuildPhase;
			buildActionMask = 2147483647;
			files = (
				701EF4E31A9F61960088E43A /* ProbaTests.m in Sources */,
			);
			runOnlyForDeploymentPostprocessing = 0;
		};
/* End PBXSourcesBuildPhase section */

/* Begin PBXTargetDependency section */
		701EF4DE1A9F61960088E43A /* PBXTargetDependency */ = {
			isa = PBXTargetDependency;
			target = 701EF4C21A9F61960088E43A /* Proba */;
			targetProxy = 701EF4DD1A9F61960088E43A /* PBXContainerItemProxy */;
		};
/* End PBXTargetDependency section */

/* Begin PBXVariantGroup section */
		701EF4D01A9F61960088E43A /* Main.storyboard */ = {
			isa = PBXVariantGroup;
			children = (
				701EF4D11A9F61960088E43A /* Base */,
			);
			name = Main.storyboard;
			sourceTree = "<group>";
		};
		701EF4D51A9F61960088E43A /* LaunchScreen.xib */ = {
			isa = PBXVariantGroup;
			children = (
				701EF4D61A9F61960088E43A /* Base */,
			);
			name = LaunchScreen.xib;
			sourceTree = "<group>";
		};
/* End PBXVariantGroup section */

/* Begin XCBuildConfiguration section */
		701EF4E41A9F61960088E43A /* Debug */ = {
			isa = XCBuildConfiguration;
			buildSettings = {
				ALWAYS_SEARCH_USER_PATHS = NO;
				CLANG_CXX_LANGUAGE_STANDARD = "gnu++0x";
				CLANG_CXX_LIBRARY = "libc++";
				CLANG_ENABLE_MODULES = YES;
				CLANG_ENABLE_OBJC_ARC = YES;
				CLANG_WARN_BOOL_CONVERSION = YES;
				CLANG_WARN_CONSTANT_CONVERSION = YES;
				CLANG_WARN_DIRECT_OBJC_ISA_USAGE = YES_ERROR;
				CLANG_WARN_EMPTY_BODY = YES;
				CLANG_WARN_ENUM_CONVERSION = YES;
				CLANG_WARN_INT_CONVERSION = YES;
				CLANG_WARN_OBJC_ROOT_CLASS = YES_ERROR;
				CLANG_WARN_UNREACHABLE_CODE = YES;
				CLANG_WARN__DUPLICATE_METHOD_MATCH = YES;
				"CODE_SIGN_IDENTITY[sdk=iphoneos*]" = "iPhone Developer";
				COPY_PHASE_STRIP = NO;
				ENABLE_STRICT_OBJC_MSGSEND = YES;
				GCC_C_LANGUAGE_STANDARD = gnu99;
				GCC_DYNAMIC_NO_PIC = NO;
				GCC_OPTIMIZATION_LEVEL = 0;
				GCC_PREPROCESSOR_DEFINITIONS = (
					"DEBUG=1",
					"$(inherited)",
				);
				GCC_SYMBOLS_PRIVATE_EXTERN = NO;
				GCC_WARN_64_TO_32_BIT_CONVERSION = YES;
				GCC_WARN_ABOUT_RETURN_TYPE = YES_ERROR;
				GCC_WARN_UNDECLARED_SELECTOR = YES;
				GCC_WARN_UNINITIALIZED_AUTOS = YES_AGGRESSIVE;
				GCC_WARN_UNUSED_FUNCTION = YES;
				GCC_WARN_UNUSED_VARIABLE = YES;
				IPHONEOS_DEPLOYMENT_TARGET = 8.1;
				MTL_ENABLE_DEBUG_INFO = YES;
				ONLY_ACTIVE_ARCH = YES;
				SDKROOT = iphoneos;
				TARGETED_DEVICE_FAMILY = "1,2";
			};
			name = Debug;
		};
		701EF4E51A9F61960088E43A /* Release */ = {
			isa = XCBuildConfiguration;
			buildSettings = {
				ALWAYS_SEARCH_USER_PATHS = NO;
				CLANG_CXX_LANGUAGE_STANDARD = "gnu++0x";
				CLANG_CXX_LIBRARY = "libc++";
				CLANG_ENABLE_MODULES = YES;
				CLANG_ENABLE_OBJC_ARC = YES;
				CLANG_WARN_BOOL_CONVERSION = YES;
				CLANG_WARN_CONSTANT_CONVERSION = YES;
				CLANG_WARN_DIRECT_OBJC_ISA_USAGE = YES_ERROR;
				CLANG_WARN_EMPTY_BODY = YES;
				CLANG_WARN_ENUM_CONVERSION = YES;
				CLANG_WARN_INT_CONVERSION = YES;
				CLANG_WARN_OBJC_ROOT_CLASS = YES_ERROR;
				CLANG_WARN_UNREACHABLE_CODE = YES;
				CLANG_WARN__DUPLICATE_METHOD_MATCH = YES;
				"CODE_SIGN_IDENTITY[sdk=iphoneos*]" = "iPhone Developer";
				COPY_PHASE_STRIP = YES;
				ENABLE_NS_ASSERTIONS = NO;
				ENABLE_STRICT_OBJC_MSGSEND = YES;
				GCC_C_LANGUAGE_STANDARD = gnu99;
				GCC_WARN_64_TO_32_BIT_CONVERSION = YES;
				GCC_WARN_ABOUT_RETURN_TYPE = YES_ERROR;
				GCC_WARN_UNDECLARED_SELECTOR = YES;
				GCC_WARN_UNINITIALIZED_AUTOS = YES_AGGRESSIVE;
				GCC_WARN_UNUSED_FUNCTION = YES;
				GCC_WARN_UNUSED_VARIABLE = YES;
				IPHONEOS_DEPLOYMENT_TARGET = 8.1;
				MTL_ENABLE_DEBUG_INFO = NO;
				SDKROOT = iphoneos;
				TARGETED_DEVICE_FAMILY = "1,2";
				VALIDATE_PRODUCT = YES;
			};
			name = Release;
		};
		701EF4E71A9F61960088E43A /* Debug */ = {
			isa = XCBuildConfiguration;
			buildSettings = {
				ASSETCATALOG_COMPILER_APPICON_NAME = AppIcon;
				INFOPLIST_FILE = Proba/Info.plist;
				LD_RUNPATH_SEARCH_PATHS = "$(inherited) @executable_path/Frameworks";
				PRODUCT_NAME = "$(TARGET_NAME)";
			};
			name = Debug;
		};
		701EF4E81A9F61960088E43A /* Release */ = {
			isa = XCBuildConfiguration;
			buildSettings = {
				ASSETCATALOG_COMPILER_APPICON_NAME = AppIcon;
				INFOPLIST_FILE = Proba/Info.plist;
				LD_RUNPATH_SEARCH_PATHS = "$(inherited) @executable_path/Frameworks";
				PRODUCT_NAME = "$(TARGET_NAME)";
			};
			name = Release;
		};
		701EF4EA1A9F61960088E43A /* Debug */ = {
			isa = XCBuildConfiguration;
			buildSettings = {
				BUNDLE_LOADER = "$(TEST_HOST)";
				FRAMEWORK_SEARCH_PATHS = (
					"$(SDKROOT)/Developer/Library/Frameworks",
					"$(inherited)",
				);
				GCC_PREPROCESSOR_DEFINITIONS = (
					"DEBUG=1",
					"$(inherited)",
				);
				INFOPLIST_FILE = ProbaTests/Info.plist;
				LD_RUNPATH_SEARCH_PATHS = "$(inherited) @executable_path/Frameworks @loader_path/Frameworks";
				PRODUCT_NAME = "$(TARGET_NAME)";
				TEST_HOST = "$(BUILT_PRODUCTS_DIR)/Proba.app/Proba";
			};
			name = Debug;
		};
		701EF4EB1A9F61960088E43A /* Release */ = {
			isa = XCBuildConfiguration;
			buildSettings = {
				BUNDLE_LOADER = "$(TEST_HOST)";
				FRAMEWORK_SEARCH_PATHS = (
					"$(SDKROOT)/Developer/Library/Frameworks",
					"$(inherited)",
				);
				INFOPLIST_FILE = ProbaTests/Info.plist;
				LD_RUNPATH_SEARCH_PATHS = "$(inherited) @executable_path/Frameworks @loader_path/Frameworks";
				PRODUCT_NAME = "$(TARGET_NAME)";
				TEST_HOST = "$(BUILT_PRODUCTS_DIR)/Proba.app/Proba";
			};
			name = Release;
		};
/* End XCBuildConfiguration section */

/* Begin XCConfigurationList section */
		701EF4BE1A9F61960088E43A /* Build configuration list for PBXProject "Proba" */ = {
			isa = XCConfigurationList;
			buildConfigurations = (
				701EF4E41A9F61960088E43A /* Debug */,
				701EF4E51A9F61960088E43A /* Release */,
			);
			defaultConfigurationIsVisible = 0;
			defaultConfigurationName = Release;
		};
		701EF4E61A9F61960088E43A /* Build configuration list for PBXNativeTarget "Proba" */ = {
			isa = XCConfigurationList;
			buildConfigurations = (
				701EF4E71A9F61960088E43A /* Debug */,
				701EF4E81A9F61960088E43A /* Release */,
			);
			defaultConfigurationIsVisible = 0;
		};
		701EF4E91A9F61960088E43A /* Build configuration list for PBXNativeTarget "ProbaTests" */ = {
			isa = XCConfigurationList;
			buildConfigurations = (
				701EF4EA1A9F61960088E43A /* Debug */,
				701EF4EB1A9F61960088E43A /* Release */,
			);
			defaultConfigurationIsVisible = 0;
		};
/* End XCConfigurationList section */
	};
	rootObject = 701EF4BB1A9F61960088E43A /* Project object */;
}
